
Microsoft Visual Studio Solution File, Format Version 12.00
# Visual Studio Version 16
VisualStudioVersion = 16.0.30804.86
MinimumVisualStudioVersion = 10.0.40219.1
Project("{9A19103F-16F7-4668-BE54-9A1E7A4F7556}") = "EasyIdentity.Api", "EasyIdentity.Api\EasyIdentity.Api.csproj", "{D8C7B383-9F32-4651-B21C-45BFC4EFD69D}"
EndProject
Project("{2150E333-8FDC-42A3-9474-1A3956D46DE8}") = "Users", "Users", "{DFB2F1FB-438D-4257-8333-926EE01C99B7}"
EndProject
Project("{9A19103F-16F7-4668-BE54-9A1E7A4F7556}") = "EasyIdentity.Core", "EasyIdentity.Core\EasyIdentity.Core.csproj", "{AB7D1EC9-73CF-4274-B9DE-B906AC75C91F}"
EndProject
Project("{2150E333-8FDC-42A3-9474-1A3956D46DE8}") = "Solution Items", "Solution Items", "{8910B584-D5E9-46AC-BC6C-439B0E15DEE9}"
	ProjectSection(SolutionItems) = preProject
		Directory.Build.targets = Directory.Build.targets
		Directory.Packages.props = Directory.Packages.props
	EndProjectSection
EndProject
Project("{9A19103F-16F7-4668-BE54-9A1E7A4F7556}") = "Users", "Users\Users.csproj", "{CEDBC89B-67D0-40C8-A40B-CDA2B419ABA6}"
EndProject
Project("{9A19103F-16F7-4668-BE54-9A1E7A4F7556}") = "Users.Test", "Users.Test\Users.Test.csproj", "{93AF567F-D892-4E1A-80BB-75D22A0D9F45}"
EndProject
Global
	GlobalSection(SolutionConfigurationPlatforms) = preSolution
		Debug|Any CPU = Debug|Any CPU
		Release|Any CPU = Release|Any CPU
	EndGlobalSection
	GlobalSection(ProjectConfigurationPlatforms) = postSolution
		{D8C7B383-9F32-4651-B21C-45BFC4EFD69D}.Debug|Any CPU.ActiveCfg = Debug|Any CPU
		{D8C7B383-9F32-4651-B21C-45BFC4EFD69D}.Debug|Any CPU.Build.0 = Debug|Any CPU
		{D8C7B383-9F32-4651-B21C-45BFC4EFD69D}.Release|Any CPU.ActiveCfg = Release|Any CPU
		{D8C7B383-9F32-4651-B21C-45BFC4EFD69D}.Release|Any CPU.Build.0 = Release|Any CPU
		{AB7D1EC9-73CF-4274-B9DE-B906AC75C91F}.Debug|Any CPU.ActiveCfg = Debug|Any CPU
		{AB7D1EC9-73CF-4274-B9DE-B906AC75C91F}.Debug|Any CPU.Build.0 = Debug|Any CPU
		{AB7D1EC9-73CF-4274-B9DE-B906AC75C91F}.Release|Any CPU.ActiveCfg = Release|Any CPU
		{AB7D1EC9-73CF-4274-B9DE-B906AC75C91F}.Release|Any CPU.Build.0 = Release|Any CPU
		{CEDBC89B-67D0-40C8-A40B-CDA2B419ABA6}.Debug|Any CPU.ActiveCfg = Debug|Any CPU
		{CEDBC89B-67D0-40C8-A40B-CDA2B419ABA6}.Debug|Any CPU.Build.0 = Debug|Any CPU
		{CEDBC89B-67D0-40C8-A40B-CDA2B419ABA6}.Release|Any CPU.ActiveCfg = Release|Any CPU
		{CEDBC89B-67D0-40C8-A40B-CDA2B419ABA6}.Release|Any CPU.Build.0 = Release|Any CPU
		{93AF567F-D892-4E1A-80BB-75D22A0D9F45}.Debug|Any CPU.ActiveCfg = Debug|Any CPU
		{93AF567F-D892-4E1A-80BB-75D22A0D9F45}.Debug|Any CPU.Build.0 = Debug|Any CPU
		{93AF567F-D892-4E1A-80BB-75D22A0D9F45}.Release|Any CPU.ActiveCfg = Release|Any CPU
		{93AF567F-D892-4E1A-80BB-75D22A0D9F45}.Release|Any CPU.Build.0 = Release|Any CPU
	EndGlobalSection
	GlobalSection(SolutionProperties) = preSolution
		HideSolutionNode = FALSE
	EndGlobalSection
	GlobalSection(NestedProjects) = preSolution
		{CEDBC89B-67D0-40C8-A40B-CDA2B419ABA6} = {DFB2F1FB-438D-4257-8333-926EE01C99B7}
		{93AF567F-D892-4E1A-80BB-75D22A0D9F45} = {DFB2F1FB-438D-4257-8333-926EE01C99B7}
	EndGlobalSection
	GlobalSection(ExtensibilityGlobals) = postSolution
		SolutionGuid = {15B88790-A4A7-4FB7-B075-757BCD42774F}
	EndGlobalSection
EndGlobal
